
Microsoft Visual Studio Solution File, Format Version 12.00
# Visual Studio Version 17
VisualStudioVersion = 17.4.33122.133
MinimumVisualStudioVersion = 10.0.40219.1
Project("{9A19103F-16F7-4668-BE54-9A1E7A4F7556}") = "ConsoleApp1", "ConsoleApp1\ConsoleApp1.csproj", "{6CFF0DF5-1F54-4461-8966-E7822B790734}"
EndProject
Project("{FAE04EC0-301F-11D3-BF4B-00C04F79EFBC}") = "WebApplication1", "WebApplication1\WebApplication1.csproj", "{8DDBC423-B9E7-4AC5-A2AA-3166D568DC83}"
EndProject
Global
	GlobalSection(SolutionConfigurationPlatforms) = preSolution
		Debug|Any CPU = Debug|Any CPU
		Release|Any CPU = Release|Any CPU
	EndGlobalSection
	GlobalSection(ProjectConfigurationPlatforms) = postSolution
		{6CFF0DF5-1F54-4461-8966-E7822B790734}.Debug|Any CPU.ActiveCfg = Debug|Any CPU
		{6CFF0DF5-1F54-4461-8966-E7822B790734}.Debug|Any CPU.Build.0 = Debug|Any CPU
		{6CFF0DF5-1F54-4461-8966-E7822B790734}.Release|Any CPU.ActiveCfg = Release|Any CPU
		{6CFF0DF5-1F54-4461-8966-E7822B790734}.Release|Any CPU.Build.0 = Release|Any CPU
		{8DDBC423-B9E7-4AC5-A2AA-3166D568DC83}.Debug|Any CPU.ActiveCfg = Debug|Any CPU
		{8DDBC423-B9E7-4AC5-A2AA-3166D568DC83}.Debug|Any CPU.Build.0 = Debug|Any CPU
		{8DDBC423-B9E7-4AC5-A2AA-3166D568DC83}.Release|Any CPU.ActiveCfg = Release|Any CPU
		{8DDBC423-B9E7-4AC5-A2AA-3166D568DC83}.Release|Any CPU.Build.0 = Release|Any CPU
	EndGlobalSection
	GlobalSection(SolutionProperties) = preSolution
		HideSolutionNode = FALSE
	EndGlobalSection
	GlobalSection(ExtensibilityGlobals) = postSolution
		SolutionGuid = {3FC05E66-1980-4EC0-BB35-A9AFE11A3B2E}
	EndGlobalSection
EndGlobal
